{
  "originHash" : "2067015fab9f260cb0feeaf7c162f499e911836a7268f91441b8838d18dd7298",
  "pins" : [
    {
      "identity" : "bigint",
      "kind" : "remoteSourceControl",
      "location" : "https://github.com/leif-ibsen/BigInt",
      "state" : {
        "revision" : "e20a5920177c9b25b4143b056c73a174cba1b773",
        "version" : "1.18.0"
      }
    },
    {
      "identity" : "openssl-package",
      "kind" : "remoteSourceControl",
      "location" : "https://github.com/krzyzanowskim/OpenSSL-Package.git",
      "state" : {
        "revision" : "fdc133911d1e26f59838763906a6486d65febfa6",
        "version" : "3.1.5004"
      }
    }
  ],
  "version" : 3
}
